
Microsoft Visual Studio Solution File, Format Version 12.00
# Visual Studio Version 16
VisualStudioVersion = 16.0.30523.141
MinimumVisualStudioVersion = 10.0.40219.1
Project("{FAE04EC0-301F-11D3-BF4B-00C04F79EFBC}") = "yourPlanner", "yourPlanner\yourPlanner.csproj", "{BED842A1-ADBC-443C-8DF5-AB913C415B48}"
	ProjectSection(ProjectDependencies) = postProject
		{40F4325F-1FBA-4ADC-B6DF-36949403F998} = {40F4325F-1FBA-4ADC-B6DF-36949403F998}
	EndProjectSection
EndProject
Project("{FAE04EC0-301F-11D3-BF4B-00C04F79EFBC}") = "WPF.EventCalendar", "..\..\WPF.EventCalendar-master\WPF.EventCalendar\WPF.EventCalendar.csproj", "{40F4325F-1FBA-4ADC-B6DF-36949403F998}"
EndProject
Global
	GlobalSection(SolutionConfigurationPlatforms) = preSolution
		Debug|Any CPU = Debug|Any CPU
		Release|Any CPU = Release|Any CPU
	EndGlobalSection
	GlobalSection(ProjectConfigurationPlatforms) = postSolution
		{BED842A1-ADBC-443C-8DF5-AB913C415B48}.Debug|Any CPU.ActiveCfg = Debug|Any CPU
		{BED842A1-ADBC-443C-8DF5-AB913C415B48}.Debug|Any CPU.Build.0 = Debug|Any CPU
		{BED842A1-ADBC-443C-8DF5-AB913C415B48}.Release|Any CPU.ActiveCfg = Release|Any CPU
		{BED842A1-ADBC-443C-8DF5-AB913C415B48}.Release|Any CPU.Build.0 = Release|Any CPU
		{40F4325F-1FBA-4ADC-B6DF-36949403F998}.Debug|Any CPU.ActiveCfg = Debug|Any CPU
		{40F4325F-1FBA-4ADC-B6DF-36949403F998}.Debug|Any CPU.Build.0 = Debug|Any CPU
		{40F4325F-1FBA-4ADC-B6DF-36949403F998}.Release|Any CPU.ActiveCfg = Release|Any CPU
		{40F4325F-1FBA-4ADC-B6DF-36949403F998}.Release|Any CPU.Build.0 = Release|Any CPU
	EndGlobalSection
	GlobalSection(SolutionProperties) = preSolution
		HideSolutionNode = FALSE
	EndGlobalSection
	GlobalSection(ExtensibilityGlobals) = postSolution
		SolutionGuid = {72F72850-4819-4BDD-95DA-9964171F367D}
	EndGlobalSection
EndGlobal
